Microsoft Visual Studio Solution File, Format Version 12.00
# Visual Studio Version 17
VisualStudioVersion = 17.9.34728.123
MinimumVisualStudioVersion = 10.0.40219.1
Project("{9A19103F-16F7-4668-BE54-9A1E7A4F7556}") = "ProjectExtractor", "ProjectExtractor.csproj", "{CFD79EA3-FBFB-4B64-B63B-1B6DBCEA4EE5}"
EndProject
Project("{9A19103F-16F7-4668-BE54-9A1E7A4F7556}") = "DatabaseCleaner", "..\DatabaseCleaner\DatabaseCleaner.csproj", "{157C4550-52DA-40FC-B416-A6E3471AE6FA}"
EndProject
Project("{9A19103F-16F7-4668-BE54-9A1E7A4F7556}") = "ProjectUtility", "..\ProjectUtility\ProjectUtility.csproj", "{88B6A4B3-17DF-48E1-AC18-C263FE385BD1}"
EndProject
Project("{FAE04EC0-301F-11D3-BF4B-00C04F79EFBC}") = "ConfluenceExtractor", "..\ConfluenceExtractor\ConfluenceExtractor.csproj", "{8F9C706B-5194-4121-8A9E-EB7217DDE3B7}"
EndProject
Global
	GlobalSection(SolutionConfigurationPlatforms) = preSolution
		Debug|Any CPU = Debug|Any CPU
		Debug|x86 = Debug|x86
		Release|Any CPU = Release|Any CPU
		Release|x86 = Release|x86
	EndGlobalSection
	GlobalSection(ProjectConfigurationPlatforms) = postSolution
		{CFD79EA3-FBFB-4B64-B63B-1B6DBCEA4EE5}.Debug|Any CPU.ActiveCfg = Debug|Any CPU
		{CFD79EA3-FBFB-4B64-B63B-1B6DBCEA4EE5}.Debug|Any CPU.Build.0 = Debug|Any CPU
		{CFD79EA3-FBFB-4B64-B63B-1B6DBCEA4EE5}.Debug|x86.ActiveCfg = Debug|Any CPU
		{CFD79EA3-FBFB-4B64-B63B-1B6DBCEA4EE5}.Debug|x86.Build.0 = Debug|Any CPU
		{CFD79EA3-FBFB-4B64-B63B-1B6DBCEA4EE5}.Release|Any CPU.ActiveCfg = Release|Any CPU
		{CFD79EA3-FBFB-4B64-B63B-1B6DBCEA4EE5}.Release|Any CPU.Build.0 = Release|Any CPU
		{CFD79EA3-FBFB-4B64-B63B-1B6DBCEA4EE5}.Release|x86.ActiveCfg = Release|x86
		{CFD79EA3-FBFB-4B64-B63B-1B6DBCEA4EE5}.Release|x86.Build.0 = Release|x86
		{157C4550-52DA-40FC-B416-A6E3471AE6FA}.Debug|Any CPU.ActiveCfg = Debug|Any CPU
		{157C4550-52DA-40FC-B416-A6E3471AE6FA}.Debug|Any CPU.Build.0 = Debug|Any CPU
		{157C4550-52DA-40FC-B416-A6E3471AE6FA}.Debug|x86.ActiveCfg = Debug|x86
		{157C4550-52DA-40FC-B416-A6E3471AE6FA}.Debug|x86.Build.0 = Debug|x86
		{157C4550-52DA-40FC-B416-A6E3471AE6FA}.Release|Any CPU.ActiveCfg = Release|Any CPU
		{157C4550-52DA-40FC-B416-A6E3471AE6FA}.Release|Any CPU.Build.0 = Release|Any CPU
		{157C4550-52DA-40FC-B416-A6E3471AE6FA}.Release|x86.ActiveCfg = Release|x86
		{157C4550-52DA-40FC-B416-A6E3471AE6FA}.Release|x86.Build.0 = Release|x86
		{88B6A4B3-17DF-48E1-AC18-C263FE385BD1}.Debug|Any CPU.ActiveCfg = Debug|Any CPU
		{88B6A4B3-17DF-48E1-AC18-C263FE385BD1}.Debug|Any CPU.Build.0 = Debug|Any CPU
		{88B6A4B3-17DF-48E1-AC18-C263FE385BD1}.Debug|x86.ActiveCfg = Debug|Any CPU
		{88B6A4B3-17DF-48E1-AC18-C263FE385BD1}.Debug|x86.Build.0 = Debug|Any CPU
		{88B6A4B3-17DF-48E1-AC18-C263FE385BD1}.Release|Any CPU.ActiveCfg = Release|Any CPU
		{88B6A4B3-17DF-48E1-AC18-C263FE385BD1}.Release|Any CPU.Build.0 = Release|Any CPU
		{88B6A4B3-17DF-48E1-AC18-C263FE385BD1}.Release|x86.ActiveCfg = Release|Any CPU
		{88B6A4B3-17DF-48E1-AC18-C263FE385BD1}.Release|x86.Build.0 = Release|Any CPU
		{8F9C706B-5194-4121-8A9E-EB7217DDE3B7}.Debug|Any CPU.ActiveCfg = Debug|Any CPU
		{8F9C706B-5194-4121-8A9E-EB7217DDE3B7}.Debug|Any CPU.Build.0 = Debug|Any CPU
		{8F9C706B-5194-4121-8A9E-EB7217DDE3B7}.Debug|x86.ActiveCfg = Debug|Any CPU
		{8F9C706B-5194-4121-8A9E-EB7217DDE3B7}.Debug|x86.Build.0 = Debug|Any CPU
		{8F9C706B-5194-4121-8A9E-EB7217DDE3B7}.Release|Any CPU.ActiveCfg = Release|Any CPU
		{8F9C706B-5194-4121-8A9E-EB7217DDE3B7}.Release|Any CPU.Build.0 = Release|Any CPU
		{8F9C706B-5194-4121-8A9E-EB7217DDE3B7}.Release|x86.ActiveCfg = Release|Any CPU
		{8F9C706B-5194-4121-8A9E-EB7217DDE3B7}.Release|x86.Build.0 = Release|Any CPU
	EndGlobalSection
	GlobalSection(SolutionProperties) = preSolution
		HideSolutionNode = FALSE
	EndGlobalSection
	GlobalSection(ExtensibilityGlobals) = postSolution
		SolutionGuid = {BECA063E-1FE6-4BBF-A3B1-521FC53849B8}
	EndGlobalSection
EndGlobal
