
Microsoft Visual Studio Solution File, Format Version 12.00
# Visual Studio Version 16
VisualStudioVersion = 16.0.32228.343
MinimumVisualStudioVersion = 10.0.40219.1
Project("{FAE04EC0-301F-11D3-BF4B-00C04F79EFBC}") = "ProjectExtractor", "ProjectExtractor.csproj", "{CFD79EA3-FBFB-4B64-B63B-1B6DBCEA4EE5}"
EndProject
Global
	GlobalSection(SolutionConfigurationPlatforms) = preSolution
		Debug|Any CPU = Debug|Any CPU
		Release|Any CPU = Release|Any CPU
	EndGlobalSection
	GlobalSection(ProjectConfigurationPlatforms) = postSolution
		{CFD79EA3-FBFB-4B64-B63B-1B6DBCEA4EE5}.Debug|Any CPU.ActiveCfg = Debug|Any CPU
		{CFD79EA3-FBFB-4B64-B63B-1B6DBCEA4EE5}.Debug|Any CPU.Build.0 = Debug|Any CPU
		{CFD79EA3-FBFB-4B64-B63B-1B6DBCEA4EE5}.Release|Any CPU.ActiveCfg = Release|Any CPU
		{CFD79EA3-FBFB-4B64-B63B-1B6DBCEA4EE5}.Release|Any CPU.Build.0 = Release|Any CPU
	EndGlobalSection
	GlobalSection(SolutionProperties) = preSolution
		HideSolutionNode = FALSE
	EndGlobalSection
	GlobalSection(ExtensibilityGlobals) = postSolution
		SolutionGuid = {BECA063E-1FE6-4BBF-A3B1-521FC53849B8}
	EndGlobalSection
EndGlobal
